// !$*UTF8*$!
{
	archiveVersion = 1;
	classes = {
	};
	objectVersion = 52;
	objects = {

/* Begin PBXBuildFile section */
		BA610F7226E0E210008D5C05 /* NanumGothic-Regular.ttf in Resources */ = {isa = PBXBuildFile; fileRef = BA610F7126E0E210008D5C05 /* NanumGothic-Regular.ttf */; };
		BA610F7826E0E6DD008D5C05 /* ElMessiri-Regular.ttf in Resources */ = {isa = PBXBuildFile; fileRef = BA610F7726E0E6DD008D5C05 /* ElMessiri-Regular.ttf */; };
		BA610F7A26E0E738008D5C05 /* ElMessiri-Bold.ttf in Resources */ = {isa = PBXBuildFile; fileRef = BA610F7926E0E738008D5C05 /* ElMessiri-Bold.ttf */; };
		BA610F7C26E0E7CC008D5C05 /* NanumGothic-Bold.ttf in Resources */ = {isa = PBXBuildFile; fileRef = BA610F7B26E0E7CB008D5C05 /* NanumGothic-Bold.ttf */; };
		BA610F7D26E1174E008D5C05 /* Assets.xcassets in Resources */ = {isa = PBXBuildFile; fileRef = BAD7979A26D6310B00FE0E9F /* Assets.xcassets */; };
		BAD7978F26D6310900FE0E9F /* AppDelegate.swift in Sources */ = {isa = PBXBuildFile; fileRef = BAD7978E26D6310900FE0E9F /* AppDelegate.swift */; };
		BAD7979126D6310900FE0E9F /* SceneDelegate.swift in Sources */ = {isa = PBXBuildFile; fileRef = BAD7979026D6310900FE0E9F /* SceneDelegate.swift */; };
		BAD7979326D6310900FE0E9F /* WeatherViewController.swift in Sources */ = {isa = PBXBuildFile; fileRef = BAD7979226D6310900FE0E9F /* WeatherViewController.swift */; };
		BAD7979626D6310900FE0E9F /* Main.storyboard in Resources */ = {isa = PBXBuildFile; fileRef = BAD7979426D6310900FE0E9F /* Main.storyboard */; };
		BAD7979926D6310900FE0E9F /* Weather_App_Final_Project.xcdatamodeld in Sources */ = {isa = PBXBuildFile; fileRef = BAD7979726D6310900FE0E9F /* Weather_App_Final_Project.xcdatamodeld */; };
		BAD7979E26D6310B00FE0E9F /* LaunchScreen.storyboard in Resources */ = {isa = PBXBuildFile; fileRef = BAD7979C26D6310B00FE0E9F /* LaunchScreen.storyboard */; };
		BAD797AA26D6316600FE0E9F /* WeatherDataModel.swift in Sources */ = {isa = PBXBuildFile; fileRef = BAD797A926D6316600FE0E9F /* WeatherDataModel.swift */; };
		BAD797AC26D631E100FE0E9F /* ChangeCityViewController.swift in Sources */ = {isa = PBXBuildFile; fileRef = BAD797AB26D631E100FE0E9F /* ChangeCityViewController.swift */; };
		BAD797AE26D6320600FE0E9F /* infoViewController.swift in Sources */ = {isa = PBXBuildFile; fileRef = BAD797AD26D6320600FE0E9F /* infoViewController.swift */; };
		BAD797B026D6323700FE0E9F /* tempConverterViewController.swift in Sources */ = {isa = PBXBuildFile; fileRef = BAD797AF26D6323700FE0E9F /* tempConverterViewController.swift */; };
		BAD797B326D6329A00FE0E9F /* Alamofire in Frameworks */ = {isa = PBXBuildFile; productRef = BAD797B226D6329A00FE0E9F /* Alamofire */; };
		BAD797B626D632BB00FE0E9F /* SwiftyJSON in Frameworks */ = {isa = PBXBuildFile; productRef = BAD797B526D632BB00FE0E9F /* SwiftyJSON */; };
		BAD797B926D63B0C00FE0E9F /* DesignableTextField.swift in Sources */ = {isa = PBXBuildFile; fileRef = BAD797B826D63B0C00FE0E9F /* DesignableTextField.swift */; };
		BAD797BB26D63B5E00FE0E9F /* BounceButton.swift in Sources */ = {isa = PBXBuildFile; fileRef = BAD797BA26D63B5E00FE0E9F /* BounceButton.swift */; };
		BAD797BD26D63B7900FE0E9F /* DesignButton.swift in Sources */ = {isa = PBXBuildFile; fileRef = BAD797BC26D63B7900FE0E9F /* DesignButton.swift */; };
		BAD797BF26D6EF0700FE0E9F /* NotesTableViewController.swift in Sources */ = {isa = PBXBuildFile; fileRef = BAD797BE26D6EF0700FE0E9F /* NotesTableViewController.swift */; };
/* End PBXBuildFile section */

/* Begin PBXFileReference section */
		BA610F7126E0E210008D5C05 /* NanumGothic-Regular.ttf */ = {isa = PBXFileReference; lastKnownFileType = file; path = "NanumGothic-Regular.ttf"; sourceTree = "<group>"; };
		BA610F7726E0E6DD008D5C05 /* ElMessiri-Regular.ttf */ = {isa = PBXFileReference; lastKnownFileType = file; path = "ElMessiri-Regular.ttf"; sourceTree = "<group>"; };
		BA610F7926E0E738008D5C05 /* ElMessiri-Bold.ttf */ = {isa = PBXFileReference; lastKnownFileType = file; path = "ElMessiri-Bold.ttf"; sourceTree = "<group>"; };
		BA610F7B26E0E7CB008D5C05 /* NanumGothic-Bold.ttf */ = {isa = PBXFileReference; lastKnownFileType = file; path = "NanumGothic-Bold.ttf"; sourceTree = "<group>"; };
		BAD7978B26D6310900FE0E9F /* Weather App Final Project.app */ = {isa = PBXFileReference; explicitFileType = wrapper.application; includeInIndex = 0; path = "Weather App Final Project.app"; sourceTree = BUILT_PRODUCTS_DIR; };
		BAD7978E26D6310900FE0E9F /* AppDelegate.swift */ = {isa = PBXFileReference; lastKnownFileType = sourcecode.swift; path = AppDelegate.swift; sourceTree = "<group>"; };
		BAD7979026D6310900FE0E9F /* SceneDelegate.swift */ = {isa = PBXFileReference; lastKnownFileType = sourcecode.swift; path = SceneDelegate.swift; sourceTree = "<group>"; };
		BAD7979226D6310900FE0E9F /* WeatherViewController.swift */ = {isa = PBXFileReference; lastKnownFileType = sourcecode.swift; path = WeatherViewController.swift; sourceTree = "<group>"; };
		BAD7979526D6310900FE0E9F /* Base */ = {isa = PBXFileReference; lastKnownFileType = file.storyboard; name = Base; path = Base.lproj/Main.storyboard; sourceTree = "<group>"; };
		BAD7979826D6310900FE0E9F /* Weather_App_Final_Project.xcdatamodel */ = {isa = PBXFileReference; lastKnownFileType = wrapper.xcdatamodel; path = Weather_App_Final_Project.xcdatamodel; sourceTree = "<group>"; };
		BAD7979A26D6310B00FE0E9F /* Assets.xcassets */ = {isa = PBXFileReference; lastKnownFileType = folder.assetcatalog; path = Assets.xcassets; sourceTree = "<group>"; };
		BAD7979D26D6310B00FE0E9F /* Base */ = {isa = PBXFileReference; lastKnownFileType = file.storyboard; name = Base; path = Base.lproj/LaunchScreen.storyboard; sourceTree = "<group>"; };
		BAD7979F26D6310B00FE0E9F /* Info.plist */ = {isa = PBXFileReference; lastKnownFileType = text.plist.xml; path = Info.plist; sourceTree = "<group>"; };
		BAD797A926D6316600FE0E9F /* WeatherDataModel.swift */ = {isa = PBXFileReference; lastKnownFileType = sourcecode.swift; path = WeatherDataModel.swift; sourceTree = "<group>"; };
		BAD797AB26D631E100FE0E9F /* ChangeCityViewController.swift */ = {isa = PBXFileReference; lastKnownFileType = sourcecode.swift; path = ChangeCityViewController.swift; sourceTree = "<group>"; };
		BAD797AD26D6320600FE0E9F /* infoViewController.swift */ = {isa = PBXFileReference; lastKnownFileType = sourcecode.swift; path = infoViewController.swift; sourceTree = "<group>"; };
		BAD797AF26D6323700FE0E9F /* tempConverterViewController.swift */ = {isa = PBXFileReference; lastKnownFileType = sourcecode.swift; path = tempConverterViewController.swift; sourceTree = "<group>"; };
		BAD797B826D63B0C00FE0E9F /* DesignableTextField.swift */ = {isa = PBXFileReference; lastKnownFileType = sourcecode.swift; path = DesignableTextField.swift; sourceTree = "<group>"; };
		BAD797BA26D63B5E00FE0E9F /* BounceButton.swift */ = {isa = PBXFileReference; lastKnownFileType = sourcecode.swift; path = BounceButton.swift; sourceTree = "<group>"; };
		BAD797BC26D63B7900FE0E9F /* DesignButton.swift */ = {isa = PBXFileReference; lastKnownFileType = sourcecode.swift; path = DesignButton.swift; sourceTree = "<group>"; };
		BAD797BE26D6EF0700FE0E9F /* NotesTableViewController.swift */ = {isa = PBXFileReference; lastKnownFileType = sourcecode.swift; path = NotesTableViewController.swift; sourceTree = "<group>"; };
/* End PBXFileReference section */

/* Begin PBXFrameworksBuildPhase section */
		BAD7978826D6310900FE0E9F /* Frameworks */ = {
			isa = PBXFrameworksBuildPhase;
			buildActionMask = 2147483647;
			files = (
				BAD797B626D632BB00FE0E9F /* SwiftyJSON in Frameworks */,
				BAD797B326D6329A00FE0E9F /* Alamofire in Frameworks */,
			);
			runOnlyForDeploymentPostprocessing = 0;
		};
/* End PBXFrameworksBuildPhase section */

/* Begin PBXGroup section */
		BAD7978226D6310900FE0E9F = {
			isa = PBXGroup;
			children = (
				BAD7978D26D6310900FE0E9F /* Weather App Final Project */,
				BAD7978C26D6310900FE0E9F /* Products */,
			);
			sourceTree = "<group>";
		};
		BAD7978C26D6310900FE0E9F /* Products */ = {
			isa = PBXGroup;
			children = (
				BAD7978B26D6310900FE0E9F /* Weather App Final Project.app */,
			);
			name = Products;
			sourceTree = "<group>";
		};
		BAD7978D26D6310900FE0E9F /* Weather App Final Project */ = {
			isa = PBXGroup;
			children = (
				BAD797B726D63ADD00FE0E9F /* ExtraResources */,
				BAD797A826D6313F00FE0E9F /* Models */,
				BAD797A526D6311900FE0E9F /* AppDelegate */,
				BAD797A626D6312500FE0E9F /* Controllers */,
				BAD797A726D6313100FE0E9F /* Views */,
				BAD7979A26D6310B00FE0E9F /* Assets.xcassets */,
				BAD7979F26D6310B00FE0E9F /* Info.plist */,
				BAD7979726D6310900FE0E9F /* Weather_App_Final_Project.xcdatamodeld */,
			);
			path = "Weather App Final Project";
			sourceTree = "<group>";
		};
		BAD797A526D6311900FE0E9F /* AppDelegate */ = {
			isa = PBXGroup;
			children = (
				BAD7978E26D6310900FE0E9F /* AppDelegate.swift */,
				BAD7979026D6310900FE0E9F /* SceneDelegate.swift */,
			);
			path = AppDelegate;
			sourceTree = "<group>";
		};
		BAD797A626D6312500FE0E9F /* Controllers */ = {
			isa = PBXGroup;
			children = (
				BAD7979226D6310900FE0E9F /* WeatherViewController.swift */,
				BAD797BE26D6EF0700FE0E9F /* NotesTableViewController.swift */,
				BAD797AB26D631E100FE0E9F /* ChangeCityViewController.swift */,
				BAD797AD26D6320600FE0E9F /* infoViewController.swift */,
				BAD797AF26D6323700FE0E9F /* tempConverterViewController.swift */,
			);
			path = Controllers;
			sourceTree = "<group>";
		};
		BAD797A726D6313100FE0E9F /* Views */ = {
			isa = PBXGroup;
			children = (
				BAD7979426D6310900FE0E9F /* Main.storyboard */,
				BAD7979C26D6310B00FE0E9F /* LaunchScreen.storyboard */,
			);
			path = Views;
			sourceTree = "<group>";
		};
		BAD797A826D6313F00FE0E9F /* Models */ = {
			isa = PBXGroup;
			children = (
				BAD797A926D6316600FE0E9F /* WeatherDataModel.swift */,
			);
			path = Models;
			sourceTree = "<group>";
		};
		BAD797B726D63ADD00FE0E9F /* ExtraResources */ = {
			isa = PBXGroup;
			children = (
				BAD797B826D63B0C00FE0E9F /* DesignableTextField.swift */,
				BAD797BA26D63B5E00FE0E9F /* BounceButton.swift */,
				BAD797BC26D63B7900FE0E9F /* DesignButton.swift */,
				BA610F7726E0E6DD008D5C05 /* ElMessiri-Regular.ttf */,
				BA610F7B26E0E7CB008D5C05 /* NanumGothic-Bold.ttf */,
				BA610F7926E0E738008D5C05 /* ElMessiri-Bold.ttf */,
				BA610F7126E0E210008D5C05 /* NanumGothic-Regular.ttf */,
			);
			path = ExtraResources;
			sourceTree = "<group>";
		};
/* End PBXGroup section */

/* Begin PBXNativeTarget section */
		BAD7978A26D6310900FE0E9F /* Weather App Final Project */ = {
			isa = PBXNativeTarget;
			buildConfigurationList = BAD797A226D6310B00FE0E9F /* Build configuration list for PBXNativeTarget "Weather App Final Project" */;
			buildPhases = (
				BAD7978726D6310900FE0E9F /* Sources */,
				BAD7978826D6310900FE0E9F /* Frameworks */,
				BAD7978926D6310900FE0E9F /* Resources */,
			);
			buildRules = (
			);
			dependencies = (
			);
			name = "Weather App Final Project";
			packageProductDependencies = (
				BAD797B226D6329A00FE0E9F /* Alamofire */,
				BAD797B526D632BB00FE0E9F /* SwiftyJSON */,
			);
			productName = "Weather App Final Project";
			productReference = BAD7978B26D6310900FE0E9F /* Weather App Final Project.app */;
			productType = "com.apple.product-type.application";
		};
/* End PBXNativeTarget section */

/* Begin PBXProject section */
		BAD7978326D6310900FE0E9F /* Project object */ = {
			isa = PBXProject;
			attributes = {
				LastSwiftUpdateCheck = 1250;
				LastUpgradeCheck = 1250;
				TargetAttributes = {
					BAD7978A26D6310900FE0E9F = {
						CreatedOnToolsVersion = 12.5.1;
					};
				};
			};
			buildConfigurationList = BAD7978626D6310900FE0E9F /* Build configuration list for PBXProject "Weather App Final Project" */;
			compatibilityVersion = "Xcode 9.3";
			developmentRegion = en;
			hasScannedForEncodings = 0;
			knownRegions = (
				en,
				Base,
			);
			mainGroup = BAD7978226D6310900FE0E9F;
			packageReferences = (
				BAD797B126D6329A00FE0E9F /* XCRemoteSwiftPackageReference "Alamofire" */,
				BAD797B426D632BB00FE0E9F /* XCRemoteSwiftPackageReference "SwiftyJSON" */,
			);
			productRefGroup = BAD7978C26D6310900FE0E9F /* Products */;
			projectDirPath = "";
			projectRoot = "";
			targets = (
				BAD7978A26D6310900FE0E9F /* Weather App Final Project */,
			);
		};
/* End PBXProject section */

/* Begin PBXResourcesBuildPhase section */
		BAD7978926D6310900FE0E9F /* Resources */ = {
			isa = PBXResourcesBuildPhase;
			buildActionMask = 2147483647;
			files = (
				BA610F7A26E0E738008D5C05 /* ElMessiri-Bold.ttf in Resources */,
				BAD7979E26D6310B00FE0E9F /* LaunchScreen.storyboard in Resources */,
				BAD7979626D6310900FE0E9F /* Main.storyboard in Resources */,
				BA610F7826E0E6DD008D5C05 /* ElMessiri-Regular.ttf in Resources */,
				BA610F7226E0E210008D5C05 /* NanumGothic-Regular.ttf in Resources */,
				BA610F7D26E1174E008D5C05 /* Assets.xcassets in Resources */,
				BA610F7C26E0E7CC008D5C05 /* NanumGothic-Bold.ttf in Resources */,
			);
			runOnlyForDeploymentPostprocessing = 0;
		};
/* End PBXResourcesBuildPhase section */

/* Begin PBXSourcesBuildPhase section */
		BAD7978726D6310900FE0E9F /* Sources */ = {
			isa = PBXSourcesBuildPhase;
			buildActionMask = 2147483647;
			files = (
				BAD7979326D6310900FE0E9F /* WeatherViewController.swift in Sources */,
				BAD797BB26D63B5E00FE0E9F /* BounceButton.swift in Sources */,
				BAD797AA26D6316600FE0E9F /* WeatherDataModel.swift in Sources */,
				BAD7979926D6310900FE0E9F /* Weather_App_Final_Project.xcdatamodeld in Sources */,
				BAD797B026D6323700FE0E9F /* tempConverterViewController.swift in Sources */,
				BAD797BF26D6EF0700FE0E9F /* NotesTableViewController.swift in Sources */,
				BAD797BD26D63B7900FE0E9F /* DesignButton.swift in Sources */,
				BAD7978F26D6310900FE0E9F /* AppDelegate.swift in Sources */,
				BAD7979126D6310900FE0E9F /* SceneDelegate.swift in Sources */,
				BAD797AE26D6320600FE0E9F /* infoViewController.swift in Sources */,
				BAD797B926D63B0C00FE0E9F /* DesignableTextField.swift in Sources */,
				BAD797AC26D631E100FE0E9F /* ChangeCityViewController.swift in Sources */,
			);
			runOnlyForDeploymentPostprocessing = 0;
		};
/* End PBXSourcesBuildPhase section */

/* Begin PBXVariantGroup section */
		BAD7979426D6310900FE0E9F /* Main.storyboard */ = {
			isa = PBXVariantGroup;
			children = (
				BAD7979526D6310900FE0E9F /* Base */,
			);
			name = Main.storyboard;
			sourceTree = "<group>";
		};
		BAD7979C26D6310B00FE0E9F /* LaunchScreen.storyboard */ = {
			isa = PBXVariantGroup;
			children = (
				BAD7979D26D6310B00FE0E9F /* Base */,
			);
			name = LaunchScreen.storyboard;
			sourceTree = "<group>";
		};
/* End PBXVariantGroup section */

/* Begin XCBuildConfiguration section */
		BAD797A026D6310B00FE0E9F /* Debug */ = {
			isa = XCBuildConfiguration;
			buildSettings = {
				ALWAYS_SEARCH_USER_PATHS = NO;
				CLANG_ANALYZER_NONNULL = YES;
				CLANG_ANALYZER_NUMBER_OBJECT_CONVERSION = YES_AGGRESSIVE;
				CLANG_CXX_LANGUAGE_STANDARD = "gnu++14";
				CLANG_CXX_LIBRARY = "libc++";
				CLANG_ENABLE_MODULES = YES;
				CLANG_ENABLE_OBJC_ARC = YES;
				CLANG_ENABLE_OBJC_WEAK = YES;
				CLANG_WARN_BLOCK_CAPTURE_AUTORELEASING = YES;
				CLANG_WARN_BOOL_CONVERSION = YES;
				CLANG_WARN_COMMA = YES;
				CLANG_WARN_CONSTANT_CONVERSION = YES;
				CLANG_WARN_DEPRECATED_OBJC_IMPLEMENTATIONS = YES;
				CLANG_WARN_DIRECT_OBJC_ISA_USAGE = YES_ERROR;
				CLANG_WARN_DOCUMENTATION_COMMENTS = YES;
				CLANG_WARN_EMPTY_BODY = YES;
				CLANG_WARN_ENUM_CONVERSION = YES;
				CLANG_WARN_INFINITE_RECURSION = YES;
				CLANG_WARN_INT_CONVERSION = YES;
				CLANG_WARN_NON_LITERAL_NULL_CONVERSION = YES;
				CLANG_WARN_OBJC_IMPLICIT_RETAIN_SELF = YES;
				CLANG_WARN_OBJC_LITERAL_CONVERSION = YES;
				CLANG_WARN_OBJC_ROOT_CLASS = YES_ERROR;
				CLANG_WARN_QUOTED_INCLUDE_IN_FRAMEWORK_HEADER = YES;
				CLANG_WARN_RANGE_LOOP_ANALYSIS = YES;
				CLANG_WARN_STRICT_PROTOTYPES = YES;
				CLANG_WARN_SUSPICIOUS_MOVE = YES;
				CLANG_WARN_UNGUARDED_AVAILABILITY = YES_AGGRESSIVE;
				CLANG_WARN_UNREACHABLE_CODE = YES;
				CLANG_WARN__DUPLICATE_METHOD_MATCH = YES;
				COPY_PHASE_STRIP = NO;
				DEBUG_INFORMATION_FORMAT = dwarf;
				ENABLE_STRICT_OBJC_MSGSEND = YES;
				ENABLE_TESTABILITY = YES;
				GCC_C_LANGUAGE_STANDARD = gnu11;
				GCC_DYNAMIC_NO_PIC = NO;
				GCC_NO_COMMON_BLOCKS = YES;
				GCC_OPTIMIZATION_LEVEL = 0;
				GCC_PREPROCESSOR_DEFINITIONS = (
					"DEBUG=1",
					"$(inherited)",
				);
				GCC_WARN_64_TO_32_BIT_CONVERSION = YES;
				GCC_WARN_ABOUT_RETURN_TYPE = YES_ERROR;
				GCC_WARN_UNDECLARED_SELECTOR = YES;
				GCC_WARN_UNINITIALIZED_AUTOS = YES_AGGRESSIVE;
				GCC_WARN_UNUSED_FUNCTION = YES;
				GCC_WARN_UNUSED_VARIABLE = YES;
				IPHONEOS_DEPLOYMENT_TARGET = 14.5;
				MTL_ENABLE_DEBUG_INFO = INCLUDE_SOURCE;
				MTL_FAST_MATH = YES;
				ONLY_ACTIVE_ARCH = YES;
				SDKROOT = iphoneos;
				SWIFT_ACTIVE_COMPILATION_CONDITIONS = DEBUG;
				SWIFT_OPTIMIZATION_LEVEL = "-Onone";
			};
			name = Debug;
		};
		BAD797A126D6310B00FE0E9F /* Release */ = {
			isa = XCBuildConfiguration;
			buildSettings = {
				ALWAYS_SEARCH_USER_PATHS = NO;
				CLANG_ANALYZER_NONNULL = YES;
				CLANG_ANALYZER_NUMBER_OBJECT_CONVERSION = YES_AGGRESSIVE;
				CLANG_CXX_LANGUAGE_STANDARD = "gnu++14";
				CLANG_CXX_LIBRARY = "libc++";
				CLANG_ENABLE_MODULES = YES;
				CLANG_ENABLE_OBJC_ARC = YES;
				CLANG_ENABLE_OBJC_WEAK = YES;
				CLANG_WARN_BLOCK_CAPTURE_AUTORELEASING = YES;
				CLANG_WARN_BOOL_CONVERSION = YES;
				CLANG_WARN_COMMA = YES;
				CLANG_WARN_CONSTANT_CONVERSION = YES;
				CLANG_WARN_DEPRECATED_OBJC_IMPLEMENTATIONS = YES;
				CLANG_WARN_DIRECT_OBJC_ISA_USAGE = YES_ERROR;
				CLANG_WARN_DOCUMENTATION_COMMENTS = YES;
				CLANG_WARN_EMPTY_BODY = YES;
				CLANG_WARN_ENUM_CONVERSION = YES;
				CLANG_WARN_INFINITE_RECURSION = YES;
				CLANG_WARN_INT_CONVERSION = YES;
				CLANG_WARN_NON_LITERAL_NULL_CONVERSION = YES;
				CLANG_WARN_OBJC_IMPLICIT_RETAIN_SELF = YES;
				CLANG_WARN_OBJC_LITERAL_CONVERSION = YES;
				CLANG_WARN_OBJC_ROOT_CLASS = YES_ERROR;
				CLANG_WARN_QUOTED_INCLUDE_IN_FRAMEWORK_HEADER = YES;
				CLANG_WARN_RANGE_LOOP_ANALYSIS = YES;
				CLANG_WARN_STRICT_PROTOTYPES = YES;
				CLANG_WARN_SUSPICIOUS_MOVE = YES;
				CLANG_WARN_UNGUARDED_AVAILABILITY = YES_AGGRESSIVE;
				CLANG_WARN_UNREACHABLE_CODE = YES;
				CLANG_WARN__DUPLICATE_METHOD_MATCH = YES;
				COPY_PHASE_STRIP = NO;
				DEBUG_INFORMATION_FORMAT = "dwarf-with-dsym";
				ENABLE_NS_ASSERTIONS = NO;
				ENABLE_STRICT_OBJC_MSGSEND = YES;
				GCC_C_LANGUAGE_STANDARD = gnu11;
				GCC_NO_COMMON_BLOCKS = YES;
				GCC_WARN_64_TO_32_BIT_CONVERSION = YES;
				GCC_WARN_ABOUT_RETURN_TYPE = YES_ERROR;
				GCC_WARN_UNDECLARED_SELECTOR = YES;
				GCC_WARN_UNINITIALIZED_AUTOS = YES_AGGRESSIVE;
				GCC_WARN_UNUSED_FUNCTION = YES;
				GCC_WARN_UNUSED_VARIABLE = YES;
				IPHONEOS_DEPLOYMENT_TARGET = 14.5;
				MTL_ENABLE_DEBUG_INFO = NO;
				MTL_FAST_MATH = YES;
				SDKROOT = iphoneos;
				SWIFT_COMPILATION_MODE = wholemodule;
				SWIFT_OPTIMIZATION_LEVEL = "-O";
				VALIDATE_PRODUCT = YES;
			};
			name = Release;
		};
		BAD797A326D6310B00FE0E9F /* Debug */ = {
			isa = XCBuildConfiguration;
			buildSettings = {
				ASSETCATALOG_COMPILER_APPICON_NAME = AppIcon;
				ASSETCATALOG_COMPILER_GLOBAL_ACCENT_COLOR_NAME = AccentColor;
				CODE_SIGN_STYLE = Automatic;
				DEVELOPMENT_TEAM = NJY4X7G9MR;
				INFOPLIST_FILE = "Weather App Final Project/Info.plist";
				LD_RUNPATH_SEARCH_PATHS = (
					"$(inherited)",
					"@executable_path/Frameworks",
				);
				PRODUCT_BUNDLE_IDENTIFIER = "com.linda.zande.Weather-App-Final-Project";
				PRODUCT_NAME = "$(TARGET_NAME)";
				SWIFT_VERSION = 5.0;
				TARGETED_DEVICE_FAMILY = "1,2";
			};
			name = Debug;
		};
		BAD797A426D6310B00FE0E9F /* Release */ = {
			isa = XCBuildConfiguration;
			buildSettings = {
				ASSETCATALOG_COMPILER_APPICON_NAME = AppIcon;
				ASSETCATALOG_COMPILER_GLOBAL_ACCENT_COLOR_NAME = AccentColor;
				CODE_SIGN_STYLE = Automatic;
				DEVELOPMENT_TEAM = NJY4X7G9MR;
				INFOPLIST_FILE = "Weather App Final Project/Info.plist";
				LD_RUNPATH_SEARCH_PATHS = (
					"$(inherited)",
					"@executable_path/Frameworks",
				);
				PRODUCT_BUNDLE_IDENTIFIER = "com.linda.zande.Weather-App-Final-Project";
				PRODUCT_NAME = "$(TARGET_NAME)";
				SWIFT_VERSION = 5.0;
				TARGETED_DEVICE_FAMILY = "1,2";
			};
			name = Release;
		};
/* End XCBuildConfiguration section */

/* Begin XCConfigurationList section */
		BAD7978626D6310900FE0E9F /* Build configuration list for PBXProject "Weather App Final Project" */ = {
			isa = XCConfigurationList;
			buildConfigurations = (
				BAD797A026D6310B00FE0E9F /* Debug */,
				BAD797A126D6310B00FE0E9F /* Release */,
			);
			defaultConfigurationIsVisible = 0;
			defaultConfigurationName = Release;
		};
		BAD797A226D6310B00FE0E9F /* Build configuration list for PBXNativeTarget "Weather App Final Project" */ = {
			isa = XCConfigurationList;
			buildConfigurations = (
				BAD797A326D6310B00FE0E9F /* Debug */,
				BAD797A426D6310B00FE0E9F /* Release */,
			);
			defaultConfigurationIsVisible = 0;
			defaultConfigurationName = Release;
		};
/* End XCConfigurationList section */

/* Begin XCRemoteSwiftPackageReference section */
		BAD797B126D6329A00FE0E9F /* XCRemoteSwiftPackageReference "Alamofire" */ = {
			isa = XCRemoteSwiftPackageReference;
			repositoryURL = "https://github.com/Alamofire/Alamofire.git";
			requirement = {
				kind = upToNextMajorVersion;
				minimumVersion = 5.4.3;
			};
		};
		BAD797B426D632BB00FE0E9F /* XCRemoteSwiftPackageReference "SwiftyJSON" */ = {
			isa = XCRemoteSwiftPackageReference;
			repositoryURL = "https://github.com/SwiftyJSON/SwiftyJSON.git";
			requirement = {
				kind = upToNextMajorVersion;
				minimumVersion = 5.0.1;
			};
		};
/* End XCRemoteSwiftPackageReference section */

/* Begin XCSwiftPackageProductDependency section */
		BAD797B226D6329A00FE0E9F /* Alamofire */ = {
			isa = XCSwiftPackageProductDependency;
			package = BAD797B126D6329A00FE0E9F /* XCRemoteSwiftPackageReference "Alamofire" */;
			productName = Alamofire;
		};
		BAD797B526D632BB00FE0E9F /* SwiftyJSON */ = {
			isa = XCSwiftPackageProductDependency;
			package = BAD797B426D632BB00FE0E9F /* XCRemoteSwiftPackageReference "SwiftyJSON" */;
			productName = SwiftyJSON;
		};
/* End XCSwiftPackageProductDependency section */

/* Begin XCVersionGroup section */
		BAD7979726D6310900FE0E9F /* Weather_App_Final_Project.xcdatamodeld */ = {
			isa = XCVersionGroup;
			children = (
				BAD7979826D6310900FE0E9F /* Weather_App_Final_Project.xcdatamodel */,
			);
			currentVersion = BAD7979826D6310900FE0E9F /* Weather_App_Final_Project.xcdatamodel */;
			path = Weather_App_Final_Project.xcdatamodeld;
			sourceTree = "<group>";
			versionGroupType = wrapper.xcdatamodel;
		};
/* End XCVersionGroup section */
	};
	rootObject = BAD7978326D6310900FE0E9F /* Project object */;
}
